
Microsoft Visual Studio Solution File, Format Version 12.00
# Visual Studio Version 16
VisualStudioVersion = 25.0.1705.3
MinimumVisualStudioVersion = 10.0.40219.1
Project("{FAE04EC0-301F-11D3-BF4B-00C04F79EFBC}") = "bangsoo", "Dev-il\bangsoo.csproj", "{62449A53-EFC3-4DC4-A657-3DB193C0D6F3}"
EndProject
Project("{E53339B2-1760-4266-BCC7-CA923CBCF16C}") = "docker-compose", "docker-compose.dcproj", "{A23B043D-8E1E-40BD-8F62-792714ECA8D1}"
EndProject
Global
	GlobalSection(SolutionConfigurationPlatforms) = preSolution
		Debug|Any CPU = Debug|Any CPU
		Release|Any CPU = Release|Any CPU
	EndGlobalSection
	GlobalSection(ProjectConfigurationPlatforms) = postSolution
		{62449A53-EFC3-4DC4-A657-3DB193C0D6F3}.Debug|Any CPU.ActiveCfg = Debug|Any CPU
		{62449A53-EFC3-4DC4-A657-3DB193C0D6F3}.Debug|Any CPU.Build.0 = Debug|Any CPU
		{62449A53-EFC3-4DC4-A657-3DB193C0D6F3}.Release|Any CPU.ActiveCfg = Release|Any CPU
		{62449A53-EFC3-4DC4-A657-3DB193C0D6F3}.Release|Any CPU.Build.0 = Release|Any CPU
		{A23B043D-8E1E-40BD-8F62-792714ECA8D1}.Debug|Any CPU.ActiveCfg = Debug|Any CPU
		{A23B043D-8E1E-40BD-8F62-792714ECA8D1}.Debug|Any CPU.Build.0 = Debug|Any CPU
		{A23B043D-8E1E-40BD-8F62-792714ECA8D1}.Release|Any CPU.ActiveCfg = Release|Any CPU
		{A23B043D-8E1E-40BD-8F62-792714ECA8D1}.Release|Any CPU.Build.0 = Release|Any CPU
	EndGlobalSection
	GlobalSection(SolutionProperties) = preSolution
		HideSolutionNode = FALSE
	EndGlobalSection
	GlobalSection(ExtensibilityGlobals) = postSolution
		SolutionGuid = {D3809D3D-1972-47BA-B331-9ABCA5C76EE8}
	EndGlobalSection
EndGlobal
